
Microsoft Visual Studio Solution File, Format Version 12.00
# Visual Studio 15
VisualStudioVersion = 15.0.27703.2026
MinimumVisualStudioVersion = 10.0.40219.1
Project("{FAE04EC0-301F-11D3-BF4B-00C04F79EFBC}") = "WarriorWars", "WarriorWars\WarriorWars.csproj", "{A7B59649-A41C-45AC-BDF9-388B85A3168E}"
EndProject
Global
	GlobalSection(SolutionConfigurationPlatforms) = preSolution
		Debug|Any CPU = Debug|Any CPU
		Release|Any CPU = Release|Any CPU
	EndGlobalSection
	GlobalSection(ProjectConfigurationPlatforms) = postSolution
		{A7B59649-A41C-45AC-BDF9-388B85A3168E}.Debug|Any CPU.ActiveCfg = Debug|Any CPU
		{A7B59649-A41C-45AC-BDF9-388B85A3168E}.Debug|Any CPU.Build.0 = Debug|Any CPU
		{A7B59649-A41C-45AC-BDF9-388B85A3168E}.Release|Any CPU.ActiveCfg = Release|Any CPU
		{A7B59649-A41C-45AC-BDF9-388B85A3168E}.Release|Any CPU.Build.0 = Release|Any CPU
	EndGlobalSection
	GlobalSection(SolutionProperties) = preSolution
		HideSolutionNode = FALSE
	EndGlobalSection
	GlobalSection(ExtensibilityGlobals) = postSolution
		SolutionGuid = {8BE91FF7-814A-4CE8-901E-9269F04F31A0}
	EndGlobalSection
EndGlobal
